// !$*UTF8*$!
{
	archiveVersion = 1;
	classes = {
	};
	objectVersion = 56;
	objects = {

/* Begin PBXBuildFile section */
		1E3B5BA22C1BF48800F7B37E /* DungGeunMo.otf in Resources */ = {isa = PBXBuildFile; fileRef = 1E3B5BA12C1BF48800F7B37E /* DungGeunMo.otf */; };
		1E3B5BA42C1BF48E00F7B37E /* Galmuri11.ttf in Resources */ = {isa = PBXBuildFile; fileRef = 1E3B5BA32C1BF48E00F7B37E /* Galmuri11.ttf */; };
		1EAF2A022C1BF1010009AF42 /* BingoLingoApp.swift in Sources */ = {isa = PBXBuildFile; fileRef = 1EAF2A012C1BF1010009AF42 /* BingoLingoApp.swift */; };
		1EAF2A042C1BF1010009AF42 /* ContentView.swift in Sources */ = {isa = PBXBuildFile; fileRef = 1EAF2A032C1BF1010009AF42 /* ContentView.swift */; };
		1EAF2A062C1BF1030009AF42 /* Assets.xcassets in Resources */ = {isa = PBXBuildFile; fileRef = 1EAF2A052C1BF1030009AF42 /* Assets.xcassets */; };
		1EAF2A092C1BF1030009AF42 /* Preview Assets.xcassets in Resources */ = {isa = PBXBuildFile; fileRef = 1EAF2A082C1BF1030009AF42 /* Preview Assets.xcassets */; };
		1EAF2A112C1BF1110009AF42 /* GameKit.framework in Frameworks */ = {isa = PBXBuildFile; fileRef = 1EAF2A102C1BF1110009AF42 /* GameKit.framework */; };
		1EAF2A172C1BF22D0009AF42 /* MainView.swift in Sources */ = {isa = PBXBuildFile; fileRef = 1EAF2A162C1BF22D0009AF42 /* MainView.swift */; };
		1EAF2A192C1BF23D0009AF42 /* BingoView.swift in Sources */ = {isa = PBXBuildFile; fileRef = 1EAF2A182C1BF23D0009AF42 /* BingoView.swift */; };
		1EAF2A1B2C1BF2520009AF42 /* BingoDetailView.swift in Sources */ = {isa = PBXBuildFile; fileRef = 1EAF2A1A2C1BF2520009AF42 /* BingoDetailView.swift */; };
		1EAF2A242C1BF39B0009AF42 /* Colorsets.xcassets in Resources */ = {isa = PBXBuildFile; fileRef = 1EAF2A232C1BF39B0009AF42 /* Colorsets.xcassets */; };
		1EBF59302C20012F00463499 /* ImagePicker.swift in Sources */ = {isa = PBXBuildFile; fileRef = 1EBF592F2C20012F00463499 /* ImagePicker.swift */; };
		1EBF59332C2010A600463499 /* Restaurant.swift in Sources */ = {isa = PBXBuildFile; fileRef = 1EBF59322C2010A500463499 /* Restaurant.swift */; };
		1EC71FAE2C1F5BEC00CE5297 /* MapView.swift in Sources */ = {isa = PBXBuildFile; fileRef = 1EC71FAD2C1F5BEC00CE5297 /* MapView.swift */; };
		1EC71FB02C1F632B00CE5297 /* Helper+BackSwipeGesture.swift in Sources */ = {isa = PBXBuildFile; fileRef = 1EC71FAF2C1F632B00CE5297 /* Helper+BackSwipeGesture.swift */; };
		1EC71FB22C1FBDCA00CE5297 /* CustomMapView.swift in Sources */ = {isa = PBXBuildFile; fileRef = 1EC71FB12C1FBDCA00CE5297 /* CustomMapView.swift */; };
		1ECB0BFA2C211C5E0059965A /* Helper+Haptic.swift in Sources */ = {isa = PBXBuildFile; fileRef = 1ECB0BF92C211C5E0059965A /* Helper+Haptic.swift */; };
		1ECB0BFC2C21B8B80059965A /* BingoGame.swift in Sources */ = {isa = PBXBuildFile; fileRef = 1ECB0BFB2C21B8B80059965A /* BingoGame.swift */; };
		1ECB0BFE2C21D61F0059965A /* OnboardingView.swift in Sources */ = {isa = PBXBuildFile; fileRef = 1ECB0BFD2C21D61F0059965A /* OnboardingView.swift */; };
		1ECB0C002C21E5830059965A /* GameCenterManager.swift in Sources */ = {isa = PBXBuildFile; fileRef = 1ECB0BFF2C21E5830059965A /* GameCenterManager.swift */; };
		CE94ED12EC4D22F32AB2E5C1 /* Pods_BingoLingo.framework in Frameworks */ = {isa = PBXBuildFile; fileRef = 22748905EB8973646686FBA7 /* Pods_BingoLingo.framework */; };
/* End PBXBuildFile section */

/* Begin PBXFileReference section */
		0D61EFC3DA2F644D5A21F86B /* Pods-BingoLingo.debug.xcconfig */ = {isa = PBXFileReference; includeInIndex = 1; lastKnownFileType = text.xcconfig; name = "Pods-BingoLingo.debug.xcconfig"; path = "Target Support Files/Pods-BingoLingo/Pods-BingoLingo.debug.xcconfig"; sourceTree = "<group>"; };
		1E3B5BA12C1BF48800F7B37E /* DungGeunMo.otf */ = {isa = PBXFileReference; lastKnownFileType = file; path = DungGeunMo.otf; sourceTree = "<group>"; };
		1E3B5BA32C1BF48E00F7B37E /* Galmuri11.ttf */ = {isa = PBXFileReference; lastKnownFileType = file; path = Galmuri11.ttf; sourceTree = "<group>"; };
		1EAF29FE2C1BF1010009AF42 /* BingoLingo.app */ = {isa = PBXFileReference; explicitFileType = wrapper.application; includeInIndex = 0; path = BingoLingo.app; sourceTree = BUILT_PRODUCTS_DIR; };
		1EAF2A012C1BF1010009AF42 /* BingoLingoApp.swift */ = {isa = PBXFileReference; lastKnownFileType = sourcecode.swift; path = BingoLingoApp.swift; sourceTree = "<group>"; };
		1EAF2A032C1BF1010009AF42 /* ContentView.swift */ = {isa = PBXFileReference; lastKnownFileType = sourcecode.swift; path = ContentView.swift; sourceTree = "<group>"; };
		1EAF2A052C1BF1030009AF42 /* Assets.xcassets */ = {isa = PBXFileReference; lastKnownFileType = folder.assetcatalog; path = Assets.xcassets; sourceTree = "<group>"; };
		1EAF2A082C1BF1030009AF42 /* Preview Assets.xcassets */ = {isa = PBXFileReference; lastKnownFileType = folder.assetcatalog; path = "Preview Assets.xcassets"; sourceTree = "<group>"; };
		1EAF2A102C1BF1110009AF42 /* GameKit.framework */ = {isa = PBXFileReference; lastKnownFileType = wrapper.framework; name = GameKit.framework; path = System/Library/Frameworks/GameKit.framework; sourceTree = SDKROOT; };
		1EAF2A122C1BF13D0009AF42 /* Info.plist */ = {isa = PBXFileReference; lastKnownFileType = text.plist; path = Info.plist; sourceTree = "<group>"; };
		1EAF2A132C1BF1BA0009AF42 /* BingoLingo.entitlements */ = {isa = PBXFileReference; lastKnownFileType = text.plist.entitlements; path = BingoLingo.entitlements; sourceTree = "<group>"; };
		1EAF2A162C1BF22D0009AF42 /* MainView.swift */ = {isa = PBXFileReference; lastKnownFileType = sourcecode.swift; path = MainView.swift; sourceTree = "<group>"; };
		1EAF2A182C1BF23D0009AF42 /* BingoView.swift */ = {isa = PBXFileReference; lastKnownFileType = sourcecode.swift; path = BingoView.swift; sourceTree = "<group>"; };
		1EAF2A1A2C1BF2520009AF42 /* BingoDetailView.swift */ = {isa = PBXFileReference; lastKnownFileType = sourcecode.swift; path = BingoDetailView.swift; sourceTree = "<group>"; };
		1EAF2A232C1BF39B0009AF42 /* Colorsets.xcassets */ = {isa = PBXFileReference; lastKnownFileType = folder.assetcatalog; path = Colorsets.xcassets; sourceTree = "<group>"; };
		1EBF592F2C20012F00463499 /* ImagePicker.swift */ = {isa = PBXFileReference; lastKnownFileType = sourcecode.swift; path = ImagePicker.swift; sourceTree = "<group>"; };
		1EBF59322C2010A500463499 /* Restaurant.swift */ = {isa = PBXFileReference; lastKnownFileType = sourcecode.swift; path = Restaurant.swift; sourceTree = "<group>"; };
		1EC71FAD2C1F5BEC00CE5297 /* MapView.swift */ = {isa = PBXFileReference; lastKnownFileType = sourcecode.swift; path = MapView.swift; sourceTree = "<group>"; };
		1EC71FAF2C1F632B00CE5297 /* Helper+BackSwipeGesture.swift */ = {isa = PBXFileReference; lastKnownFileType = sourcecode.swift; path = "Helper+BackSwipeGesture.swift"; sourceTree = "<group>"; };
		1EC71FB12C1FBDCA00CE5297 /* CustomMapView.swift */ = {isa = PBXFileReference; lastKnownFileType = sourcecode.swift; path = CustomMapView.swift; sourceTree = "<group>"; };
		1ECB0BF92C211C5E0059965A /* Helper+Haptic.swift */ = {isa = PBXFileReference; lastKnownFileType = sourcecode.swift; path = "Helper+Haptic.swift"; sourceTree = "<group>"; };
		1ECB0BFB2C21B8B80059965A /* BingoGame.swift */ = {isa = PBXFileReference; lastKnownFileType = sourcecode.swift; path = BingoGame.swift; sourceTree = "<group>"; };
		1ECB0BFD2C21D61F0059965A /* OnboardingView.swift */ = {isa = PBXFileReference; lastKnownFileType = sourcecode.swift; path = OnboardingView.swift; sourceTree = "<group>"; };
		1ECB0BFF2C21E5830059965A /* GameCenterManager.swift */ = {isa = PBXFileReference; lastKnownFileType = sourcecode.swift; path = GameCenterManager.swift; sourceTree = "<group>"; };
		22748905EB8973646686FBA7 /* Pods_BingoLingo.framework */ = {isa = PBXFileReference; explicitFileType = wrapper.framework; includeInIndex = 0; path = Pods_BingoLingo.framework; sourceTree = BUILT_PRODUCTS_DIR; };
		EC7E68AA7FD6D13EE80BF5A8 /* Pods-BingoLingo.release.xcconfig */ = {isa = PBXFileReference; includeInIndex = 1; lastKnownFileType = text.xcconfig; name = "Pods-BingoLingo.release.xcconfig"; path = "Target Support Files/Pods-BingoLingo/Pods-BingoLingo.release.xcconfig"; sourceTree = "<group>"; };
/* End PBXFileReference section */

/* Begin PBXFrameworksBuildPhase section */
		1EAF29FB2C1BF1010009AF42 /* Frameworks */ = {
			isa = PBXFrameworksBuildPhase;
			buildActionMask = 2147483647;
			files = (
				1EAF2A112C1BF1110009AF42 /* GameKit.framework in Frameworks */,
				CE94ED12EC4D22F32AB2E5C1 /* Pods_BingoLingo.framework in Frameworks */,
			);
			runOnlyForDeploymentPostprocessing = 0;
		};
/* End PBXFrameworksBuildPhase section */

/* Begin PBXGroup section */
		1EAF29F52C1BF1010009AF42 = {
			isa = PBXGroup;
			children = (
				1EAF2A002C1BF1010009AF42 /* BingoLingo */,
				1EAF29FF2C1BF1010009AF42 /* Products */,
				1EAF2A0F2C1BF1110009AF42 /* Frameworks */,
				C4309060A82CA4837969F0CF /* Pods */,
			);
			sourceTree = "<group>";
		};
		1EAF29FF2C1BF1010009AF42 /* Products */ = {
			isa = PBXGroup;
			children = (
				1EAF29FE2C1BF1010009AF42 /* BingoLingo.app */,
			);
			name = Products;
			sourceTree = "<group>";
		};
		1EAF2A002C1BF1010009AF42 /* BingoLingo */ = {
			isa = PBXGroup;
			children = (
				1EAF2A132C1BF1BA0009AF42 /* BingoLingo.entitlements */,
				1EAF2A122C1BF13D0009AF42 /* Info.plist */,
				1EBF59312C20108400463499 /* Data */,
				1EAF2A1C2C1BF2EE0009AF42 /* App */,
				1EAF2A142C1BF2090009AF42 /* Presentation */,
				1EAF2A1D2C1BF2FA0009AF42 /* Resource */,
				1ECB0BF82C211C310059965A /* Helper */,
				1EAF2A072C1BF1030009AF42 /* Preview Content */,
			);
			path = BingoLingo;
			sourceTree = "<group>";
		};
		1EAF2A072C1BF1030009AF42 /* Preview Content */ = {
			isa = PBXGroup;
			children = (
				1EAF2A082C1BF1030009AF42 /* Preview Assets.xcassets */,
			);
			path = "Preview Content";
			sourceTree = "<group>";
		};
		1EAF2A0F2C1BF1110009AF42 /* Frameworks */ = {
			isa = PBXGroup;
			children = (
				1EAF2A102C1BF1110009AF42 /* GameKit.framework */,
				22748905EB8973646686FBA7 /* Pods_BingoLingo.framework */,
			);
			name = Frameworks;
			sourceTree = "<group>";
		};
		1EAF2A142C1BF2090009AF42 /* Presentation */ = {
			isa = PBXGroup;
			children = (
				1EAF2A152C1BF2120009AF42 /* View */,
			);
			path = Presentation;
			sourceTree = "<group>";
		};
		1EAF2A152C1BF2120009AF42 /* View */ = {
			isa = PBXGroup;
			children = (
				1EAF2A032C1BF1010009AF42 /* ContentView.swift */,
				1EAF2A162C1BF22D0009AF42 /* MainView.swift */,
				1EC71FAD2C1F5BEC00CE5297 /* MapView.swift */,
				1EAF2A182C1BF23D0009AF42 /* BingoView.swift */,
				1EAF2A1A2C1BF2520009AF42 /* BingoDetailView.swift */,
				1EC71FB12C1FBDCA00CE5297 /* CustomMapView.swift */,
				1EBF592F2C20012F00463499 /* ImagePicker.swift */,
				1ECB0BFD2C21D61F0059965A /* OnboardingView.swift */,
			);
			path = View;
			sourceTree = "<group>";
		};
		1EAF2A1C2C1BF2EE0009AF42 /* App */ = {
			isa = PBXGroup;
			children = (
				1EAF2A012C1BF1010009AF42 /* BingoLingoApp.swift */,
			);
			path = App;
			sourceTree = "<group>";
		};
		1EAF2A1D2C1BF2FA0009AF42 /* Resource */ = {
			isa = PBXGroup;
			children = (
				1EAF2A1E2C1BF3000009AF42 /* Font */,
				1EAF2A052C1BF1030009AF42 /* Assets.xcassets */,
				1EAF2A232C1BF39B0009AF42 /* Colorsets.xcassets */,
			);
			path = Resource;
			sourceTree = "<group>";
		};
		1EAF2A1E2C1BF3000009AF42 /* Font */ = {
			isa = PBXGroup;
			children = (
				1E3B5BA12C1BF48800F7B37E /* DungGeunMo.otf */,
				1E3B5BA32C1BF48E00F7B37E /* Galmuri11.ttf */,
			);
			path = Font;
			sourceTree = "<group>";
		};
		1EBF59312C20108400463499 /* Data */ = {
			isa = PBXGroup;
			children = (
				1EBF59322C2010A500463499 /* Restaurant.swift */,
				1ECB0BFB2C21B8B80059965A /* BingoGame.swift */,
			);
			path = Data;
			sourceTree = "<group>";
		};
		1ECB0BF82C211C310059965A /* Helper */ = {
			isa = PBXGroup;
			children = (
				1EC71FAF2C1F632B00CE5297 /* Helper+BackSwipeGesture.swift */,
				1ECB0BF92C211C5E0059965A /* Helper+Haptic.swift */,
				1ECB0BFF2C21E5830059965A /* GameCenterManager.swift */,
			);
			path = Helper;
			sourceTree = "<group>";
		};
		C4309060A82CA4837969F0CF /* Pods */ = {
			isa = PBXGroup;
			children = (
				0D61EFC3DA2F644D5A21F86B /* Pods-BingoLingo.debug.xcconfig */,
				EC7E68AA7FD6D13EE80BF5A8 /* Pods-BingoLingo.release.xcconfig */,
			);
			path = Pods;
			sourceTree = "<group>";
		};
/* End PBXGroup section */

/* Begin PBXNativeTarget section */
		1EAF29FD2C1BF1010009AF42 /* BingoLingo */ = {
			isa = PBXNativeTarget;
			buildConfigurationList = 1EAF2A0C2C1BF1030009AF42 /* Build configuration list for PBXNativeTarget "BingoLingo" */;
			buildPhases = (
				E7904CA1AF988E4B1036E77C /* [CP] Check Pods Manifest.lock */,
				1EAF29FA2C1BF1010009AF42 /* Sources */,
				1EAF29FB2C1BF1010009AF42 /* Frameworks */,
				1EAF29FC2C1BF1010009AF42 /* Resources */,
				5AFBE1136B3D390F736FBA8C /* [CP] Embed Pods Frameworks */,
			);
			buildRules = (
			);
			dependencies = (
			);
			name = BingoLingo;
			productName = BingoLingo;
			productReference = 1EAF29FE2C1BF1010009AF42 /* BingoLingo.app */;
			productType = "com.apple.product-type.application";
		};
/* End PBXNativeTarget section */

/* Begin PBXProject section */
		1EAF29F62C1BF1010009AF42 /* Project object */ = {
			isa = PBXProject;
			attributes = {
				BuildIndependentTargetsInParallel = 1;
				LastSwiftUpdateCheck = 1530;
				LastUpgradeCheck = 1530;
				TargetAttributes = {
					1EAF29FD2C1BF1010009AF42 = {
						CreatedOnToolsVersion = 15.3;
					};
				};
			};
			buildConfigurationList = 1EAF29F92C1BF1010009AF42 /* Build configuration list for PBXProject "BingoLingo" */;
			compatibilityVersion = "Xcode 14.0";
			developmentRegion = ko;
			hasScannedForEncodings = 0;
			knownRegions = (
				en,
				Base,
				ko,
			);
			mainGroup = 1EAF29F52C1BF1010009AF42;
			productRefGroup = 1EAF29FF2C1BF1010009AF42 /* Products */;
			projectDirPath = "";
			projectRoot = "";
			targets = (
				1EAF29FD2C1BF1010009AF42 /* BingoLingo */,
			);
		};
/* End PBXProject section */

/* Begin PBXResourcesBuildPhase section */
		1EAF29FC2C1BF1010009AF42 /* Resources */ = {
			isa = PBXResourcesBuildPhase;
			buildActionMask = 2147483647;
			files = (
				1EAF2A242C1BF39B0009AF42 /* Colorsets.xcassets in Resources */,
				1EAF2A092C1BF1030009AF42 /* Preview Assets.xcassets in Resources */,
				1E3B5BA42C1BF48E00F7B37E /* Galmuri11.ttf in Resources */,
				1E3B5BA22C1BF48800F7B37E /* DungGeunMo.otf in Resources */,
				1EAF2A062C1BF1030009AF42 /* Assets.xcassets in Resources */,
			);
			runOnlyForDeploymentPostprocessing = 0;
		};
/* End PBXResourcesBuildPhase section */

/* Begin PBXShellScriptBuildPhase section */
		5AFBE1136B3D390F736FBA8C /* [CP] Embed Pods Frameworks */ = {
			isa = PBXShellScriptBuildPhase;
			buildActionMask = 2147483647;
			files = (
			);
			inputFileListPaths = (
				"${PODS_ROOT}/Target Support Files/Pods-BingoLingo/Pods-BingoLingo-frameworks-${CONFIGURATION}-input-files.xcfilelist",
			);
			name = "[CP] Embed Pods Frameworks";
			outputFileListPaths = (
				"${PODS_ROOT}/Target Support Files/Pods-BingoLingo/Pods-BingoLingo-frameworks-${CONFIGURATION}-output-files.xcfilelist",
			);
			runOnlyForDeploymentPostprocessing = 0;
			shellPath = /bin/sh;
			shellScript = "\"${PODS_ROOT}/Target Support Files/Pods-BingoLingo/Pods-BingoLingo-frameworks.sh\"\n";
			showEnvVarsInLog = 0;
		};
		E7904CA1AF988E4B1036E77C /* [CP] Check Pods Manifest.lock */ = {
			isa = PBXShellScriptBuildPhase;
			buildActionMask = 2147483647;
			files = (
			);
			inputFileListPaths = (
			);
			inputPaths = (
				"${PODS_PODFILE_DIR_PATH}/Podfile.lock",
				"${PODS_ROOT}/Manifest.lock",
			);
			name = "[CP] Check Pods Manifest.lock";
			outputFileListPaths = (
			);
			outputPaths = (
				"$(DERIVED_FILE_DIR)/Pods-BingoLingo-checkManifestLockResult.txt",
			);
			runOnlyForDeploymentPostprocessing = 0;
			shellPath = /bin/sh;
			shellScript = "diff \"${PODS_PODFILE_DIR_PATH}/Podfile.lock\" \"${PODS_ROOT}/Manifest.lock\" > /dev/null\nif [ $? != 0 ] ; then\n    # print error to STDERR\n    echo \"error: The sandbox is not in sync with the Podfile.lock. Run 'pod install' or update your CocoaPods installation.\" >&2\n    exit 1\nfi\n# This output is used by Xcode 'outputs' to avoid re-running this script phase.\necho \"SUCCESS\" > \"${SCRIPT_OUTPUT_FILE_0}\"\n";
			showEnvVarsInLog = 0;
		};
/* End PBXShellScriptBuildPhase section */

/* Begin PBXSourcesBuildPhase section */
		1EAF29FA2C1BF1010009AF42 /* Sources */ = {
			isa = PBXSourcesBuildPhase;
			buildActionMask = 2147483647;
			files = (
				1EBF59332C2010A600463499 /* Restaurant.swift in Sources */,
				1EAF2A192C1BF23D0009AF42 /* BingoView.swift in Sources */,
				1EC71FAE2C1F5BEC00CE5297 /* MapView.swift in Sources */,
				1ECB0BFC2C21B8B80059965A /* BingoGame.swift in Sources */,
				1EC71FB22C1FBDCA00CE5297 /* CustomMapView.swift in Sources */,
				1EBF59302C20012F00463499 /* ImagePicker.swift in Sources */,
				1EAF2A042C1BF1010009AF42 /* ContentView.swift in Sources */,
				1ECB0BFA2C211C5E0059965A /* Helper+Haptic.swift in Sources */,
				1ECB0C002C21E5830059965A /* GameCenterManager.swift in Sources */,
				1EAF2A172C1BF22D0009AF42 /* MainView.swift in Sources */,
				1EAF2A1B2C1BF2520009AF42 /* BingoDetailView.swift in Sources */,
				1EAF2A022C1BF1010009AF42 /* BingoLingoApp.swift in Sources */,
				1ECB0BFE2C21D61F0059965A /* OnboardingView.swift in Sources */,
				1EC71FB02C1F632B00CE5297 /* Helper+BackSwipeGesture.swift in Sources */,
			);
			runOnlyForDeploymentPostprocessing = 0;
		};
/* End PBXSourcesBuildPhase section */

/* Begin XCBuildConfiguration section */
		1EAF2A0A2C1BF1030009AF42 /* Debug */ = {
			isa = XCBuildConfiguration;
			buildSettings = {
				ALWAYS_SEARCH_USER_PATHS = NO;
				ASSETCATALOG_COMPILER_GENERATE_SWIFT_ASSET_SYMBOL_EXTENSIONS = YES;
				CLANG_ANALYZER_NONNULL = YES;
				CLANG_ANALYZER_NUMBER_OBJECT_CONVERSION = YES_AGGRESSIVE;
				CLANG_CXX_LANGUAGE_STANDARD = "gnu++20";
				CLANG_ENABLE_MODULES = YES;
				CLANG_ENABLE_OBJC_ARC = YES;
				CLANG_ENABLE_OBJC_WEAK = YES;
				CLANG_WARN_BLOCK_CAPTURE_AUTORELEASING = YES;
				CLANG_WARN_BOOL_CONVERSION = YES;
				CLANG_WARN_COMMA = YES;
				CLANG_WARN_CONSTANT_CONVERSION = YES;
				CLANG_WARN_DEPRECATED_OBJC_IMPLEMENTATIONS = YES;
				CLANG_WARN_DIRECT_OBJC_ISA_USAGE = YES_ERROR;
				CLANG_WARN_DOCUMENTATION_COMMENTS = YES;
				CLANG_WARN_EMPTY_BODY = YES;
				CLANG_WARN_ENUM_CONVERSION = YES;
				CLANG_WARN_INFINITE_RECURSION = YES;
				CLANG_WARN_INT_CONVERSION = YES;
				CLANG_WARN_NON_LITERAL_NULL_CONVERSION = YES;
				CLANG_WARN_OBJC_IMPLICIT_RETAIN_SELF = YES;
				CLANG_WARN_OBJC_LITERAL_CONVERSION = YES;
				CLANG_WARN_OBJC_ROOT_CLASS = YES_ERROR;
				CLANG_WARN_QUOTED_INCLUDE_IN_FRAMEWORK_HEADER = YES;
				CLANG_WARN_RANGE_LOOP_ANALYSIS = YES;
				CLANG_WARN_STRICT_PROTOTYPES = YES;
				CLANG_WARN_SUSPICIOUS_MOVE = YES;
				CLANG_WARN_UNGUARDED_AVAILABILITY = YES_AGGRESSIVE;
				CLANG_WARN_UNREACHABLE_CODE = YES;
				CLANG_WARN__DUPLICATE_METHOD_MATCH = YES;
				COPY_PHASE_STRIP = NO;
				DEBUG_INFORMATION_FORMAT = dwarf;
				ENABLE_STRICT_OBJC_MSGSEND = YES;
				ENABLE_TESTABILITY = YES;
				ENABLE_USER_SCRIPT_SANDBOXING = YES;
				GCC_C_LANGUAGE_STANDARD = gnu17;
				GCC_DYNAMIC_NO_PIC = NO;
				GCC_NO_COMMON_BLOCKS = YES;
				GCC_OPTIMIZATION_LEVEL = 0;
				GCC_PREPROCESSOR_DEFINITIONS = (
					"DEBUG=1",
					"$(inherited)",
				);
				GCC_WARN_64_TO_32_BIT_CONVERSION = YES;
				GCC_WARN_ABOUT_RETURN_TYPE = YES_ERROR;
				GCC_WARN_UNDECLARED_SELECTOR = YES;
				GCC_WARN_UNINITIALIZED_AUTOS = YES_AGGRESSIVE;
				GCC_WARN_UNUSED_FUNCTION = YES;
				GCC_WARN_UNUSED_VARIABLE = YES;
				IPHONEOS_DEPLOYMENT_TARGET = 17.0;
				LOCALIZATION_PREFERS_STRING_CATALOGS = YES;
				MTL_ENABLE_DEBUG_INFO = INCLUDE_SOURCE;
				MTL_FAST_MATH = YES;
				ONLY_ACTIVE_ARCH = YES;
				SDKROOT = iphoneos;
				SWIFT_ACTIVE_COMPILATION_CONDITIONS = "DEBUG $(inherited)";
				SWIFT_OPTIMIZATION_LEVEL = "-Onone";
			};
			name = Debug;
		};
		1EAF2A0B2C1BF1030009AF42 /* Release */ = {
			isa = XCBuildConfiguration;
			buildSettings = {
				ALWAYS_SEARCH_USER_PATHS = NO;
				ASSETCATALOG_COMPILER_GENERATE_SWIFT_ASSET_SYMBOL_EXTENSIONS = YES;
				CLANG_ANALYZER_NONNULL = YES;
				CLANG_ANALYZER_NUMBER_OBJECT_CONVERSION = YES_AGGRESSIVE;
				CLANG_CXX_LANGUAGE_STANDARD = "gnu++20";
				CLANG_ENABLE_MODULES = YES;
				CLANG_ENABLE_OBJC_ARC = YES;
				CLANG_ENABLE_OBJC_WEAK = YES;
				CLANG_WARN_BLOCK_CAPTURE_AUTORELEASING = YES;
				CLANG_WARN_BOOL_CONVERSION = YES;
				CLANG_WARN_COMMA = YES;
				CLANG_WARN_CONSTANT_CONVERSION = YES;
				CLANG_WARN_DEPRECATED_OBJC_IMPLEMENTATIONS = YES;
				CLANG_WARN_DIRECT_OBJC_ISA_USAGE = YES_ERROR;
				CLANG_WARN_DOCUMENTATION_COMMENTS = YES;
				CLANG_WARN_EMPTY_BODY = YES;
				CLANG_WARN_ENUM_CONVERSION = YES;
				CLANG_WARN_INFINITE_RECURSION = YES;
				CLANG_WARN_INT_CONVERSION = YES;
				CLANG_WARN_NON_LITERAL_NULL_CONVERSION = YES;
				CLANG_WARN_OBJC_IMPLICIT_RETAIN_SELF = YES;
				CLANG_WARN_OBJC_LITERAL_CONVERSION = YES;
				CLANG_WARN_OBJC_ROOT_CLASS = YES_ERROR;
				CLANG_WARN_QUOTED_INCLUDE_IN_FRAMEWORK_HEADER = YES;
				CLANG_WARN_RANGE_LOOP_ANALYSIS = YES;
				CLANG_WARN_STRICT_PROTOTYPES = YES;
				CLANG_WARN_SUSPICIOUS_MOVE = YES;
				CLANG_WARN_UNGUARDED_AVAILABILITY = YES_AGGRESSIVE;
				CLANG_WARN_UNREACHABLE_CODE = YES;
				CLANG_WARN__DUPLICATE_METHOD_MATCH = YES;
				COPY_PHASE_STRIP = NO;
				DEBUG_INFORMATION_FORMAT = "dwarf-with-dsym";
				ENABLE_NS_ASSERTIONS = NO;
				ENABLE_STRICT_OBJC_MSGSEND = YES;
				ENABLE_USER_SCRIPT_SANDBOXING = YES;
				GCC_C_LANGUAGE_STANDARD = gnu17;
				GCC_NO_COMMON_BLOCKS = YES;
				GCC_WARN_64_TO_32_BIT_CONVERSION = YES;
				GCC_WARN_ABOUT_RETURN_TYPE = YES_ERROR;
				GCC_WARN_UNDECLARED_SELECTOR = YES;
				GCC_WARN_UNINITIALIZED_AUTOS = YES_AGGRESSIVE;
				GCC_WARN_UNUSED_FUNCTION = YES;
				GCC_WARN_UNUSED_VARIABLE = YES;
				IPHONEOS_DEPLOYMENT_TARGET = 17.0;
				LOCALIZATION_PREFERS_STRING_CATALOGS = YES;
				MTL_ENABLE_DEBUG_INFO = NO;
				MTL_FAST_MATH = YES;
				SDKROOT = iphoneos;
				SWIFT_COMPILATION_MODE = wholemodule;
				VALIDATE_PRODUCT = YES;
			};
			name = Release;
		};
		1EAF2A0D2C1BF1030009AF42 /* Debug */ = {
			isa = XCBuildConfiguration;
			baseConfigurationReference = 0D61EFC3DA2F644D5A21F86B /* Pods-BingoLingo.debug.xcconfig */;
			buildSettings = {
				ASSETCATALOG_COMPILER_APPICON_NAME = AppIcon;
				ASSETCATALOG_COMPILER_GLOBAL_ACCENT_COLOR_NAME = AccentColor;
				CODE_SIGN_ENTITLEMENTS = BingoLingo/BingoLingo.entitlements;
				CODE_SIGN_STYLE = Automatic;
				CURRENT_PROJECT_VERSION = 1;
				DEVELOPMENT_ASSET_PATHS = "\"BingoLingo/Preview Content\"";
				DEVELOPMENT_TEAM = R62RZ89ZRU;
				ENABLE_PREVIEWS = YES;
				ENABLE_USER_SCRIPT_SANDBOXING = NO;
				GENERATE_INFOPLIST_FILE = YES;
				INFOPLIST_FILE = BingoLingo/Info.plist;
				INFOPLIST_KEY_CFBundleDisplayName = "빙고링고";
				INFOPLIST_KEY_NSPhotoLibraryUsageDescription = "맛집 방문 인증을 위해 사진 앨범에 접근하려고 합니다.";
				INFOPLIST_KEY_UIApplicationSceneManifest_Generation = YES;
				INFOPLIST_KEY_UIApplicationSupportsIndirectInputEvents = YES;
				INFOPLIST_KEY_UISupportedInterfaceOrientations_iPad = "UIInterfaceOrientationPortrait UIInterfaceOrientationPortraitUpsideDown UIInterfaceOrientationLandscapeLeft UIInterfaceOrientationLandscapeRight";
				INFOPLIST_KEY_UISupportedInterfaceOrientations_iPhone = "UIInterfaceOrientationPortrait UIInterfaceOrientationLandscapeLeft UIInterfaceOrientationLandscapeRight";
				IPHONEOS_DEPLOYMENT_TARGET = 17.0;
				LD_RUNPATH_SEARCH_PATHS = (
					"$(inherited)",
					"@executable_path/Frameworks",
				);
				MARKETING_VERSION = 1.1.0;
				PRODUCT_BUNDLE_IDENTIFIER = com.ADA.MC2.BingoLingo;
				PRODUCT_NAME = "$(TARGET_NAME)";
				SUPPORTED_PLATFORMS = "iphoneos iphonesimulator";
				SUPPORTS_MACCATALYST = NO;
				SUPPORTS_MAC_DESIGNED_FOR_IPHONE_IPAD = NO;
				SUPPORTS_XR_DESIGNED_FOR_IPHONE_IPAD = NO;
				SWIFT_EMIT_LOC_STRINGS = YES;
				SWIFT_VERSION = 5.0;
				TARGETED_DEVICE_FAMILY = 1;
			};
			name = Debug;
		};
		1EAF2A0E2C1BF1030009AF42 /* Release */ = {
			isa = XCBuildConfiguration;
			baseConfigurationReference = EC7E68AA7FD6D13EE80BF5A8 /* Pods-BingoLingo.release.xcconfig */;
			buildSettings = {
				ASSETCATALOG_COMPILER_APPICON_NAME = AppIcon;
				ASSETCATALOG_COMPILER_GLOBAL_ACCENT_COLOR_NAME = AccentColor;
				CODE_SIGN_ENTITLEMENTS = BingoLingo/BingoLingo.entitlements;
				CODE_SIGN_STYLE = Automatic;
				CURRENT_PROJECT_VERSION = 1;
				DEVELOPMENT_ASSET_PATHS = "\"BingoLingo/Preview Content\"";
				DEVELOPMENT_TEAM = R62RZ89ZRU;
				ENABLE_PREVIEWS = YES;
				ENABLE_USER_SCRIPT_SANDBOXING = NO;
				GENERATE_INFOPLIST_FILE = YES;
				INFOPLIST_FILE = BingoLingo/Info.plist;
				INFOPLIST_KEY_CFBundleDisplayName = "빙고링고";
				INFOPLIST_KEY_NSPhotoLibraryUsageDescription = "맛집 방문 인증을 위해 사진 앨범에 접근하려고 합니다.";
				INFOPLIST_KEY_UIApplicationSceneManifest_Generation = YES;
				INFOPLIST_KEY_UIApplicationSupportsIndirectInputEvents = YES;
				INFOPLIST_KEY_UISupportedInterfaceOrientations_iPad = "UIInterfaceOrientationPortrait UIInterfaceOrientationPortraitUpsideDown UIInterfaceOrientationLandscapeLeft UIInterfaceOrientationLandscapeRight";
				INFOPLIST_KEY_UISupportedInterfaceOrientations_iPhone = "UIInterfaceOrientationPortrait UIInterfaceOrientationLandscapeLeft UIInterfaceOrientationLandscapeRight";
				IPHONEOS_DEPLOYMENT_TARGET = 17.0;
				LD_RUNPATH_SEARCH_PATHS = (
					"$(inherited)",
					"@executable_path/Frameworks",
				);
				MARKETING_VERSION = 1.1.0;
				ONLY_ACTIVE_ARCH = YES;
				PRODUCT_BUNDLE_IDENTIFIER = com.ADA.MC2.BingoLingo;
				PRODUCT_NAME = "$(TARGET_NAME)";
				SUPPORTED_PLATFORMS = "iphoneos iphonesimulator";
				SUPPORTS_MACCATALYST = NO;
				SUPPORTS_MAC_DESIGNED_FOR_IPHONE_IPAD = NO;
				SUPPORTS_XR_DESIGNED_FOR_IPHONE_IPAD = NO;
				SWIFT_EMIT_LOC_STRINGS = YES;
				SWIFT_VERSION = 5.0;
				TARGETED_DEVICE_FAMILY = 1;
			};
			name = Release;
		};
/* End XCBuildConfiguration section */

/* Begin XCConfigurationList section */
		1EAF29F92C1BF1010009AF42 /* Build configuration list for PBXProject "BingoLingo" */ = {
			isa = XCConfigurationList;
			buildConfigurations = (
				1EAF2A0A2C1BF1030009AF42 /* Debug */,
				1EAF2A0B2C1BF1030009AF42 /* Release */,
			);
			defaultConfigurationIsVisible = 0;
			defaultConfigurationName = Release;
		};
		1EAF2A0C2C1BF1030009AF42 /* Build configuration list for PBXNativeTarget "BingoLingo" */ = {
			isa = XCConfigurationList;
			buildConfigurations = (
				1EAF2A0D2C1BF1030009AF42 /* Debug */,
				1EAF2A0E2C1BF1030009AF42 /* Release */,
			);
			defaultConfigurationIsVisible = 0;
			defaultConfigurationName = Release;
		};
/* End XCConfigurationList section */
	};
	rootObject = 1EAF29F62C1BF1010009AF42 /* Project object */;
}
